
Microsoft Visual Studio Solution File, Format Version 12.00
# Visual Studio Version 17
VisualStudioVersion = 17.0.32112.339
MinimumVisualStudioVersion = 10.0.40219.1
Project("{FAE04EC0-301F-11D3-BF4B-00C04F79EFBC}") = "Main_Project", "Main_Project.csproj", "{5C689C32-D422-40D0-941C-FCD2C33D5446}"
EndProject
Project("{FAE04EC0-301F-11D3-BF4B-00C04F79EFBC}") = "MainMenu-Prototype", "..\MainMenu-Prototype\MainMenu-Prototype.csproj", "{0248ACB5-3530-4AAD-B147-75A476F0AD20}"
EndProject
Project("{FAE04EC0-301F-11D3-BF4B-00C04F79EFBC}") = "AutoTests", "..\AutoTests\AutoTests.csproj", "{1BF71C30-571C-4DB9-A0D7-02CB7B2332AB}"
EndProject
Global
	GlobalSection(SolutionConfigurationPlatforms) = preSolution
		Debug|Any CPU = Debug|Any CPU
		Release|Any CPU = Release|Any CPU
	EndGlobalSection
	GlobalSection(ProjectConfigurationPlatforms) = postSolution
		{5C689C32-D422-40D0-941C-FCD2C33D5446}.Debug|Any CPU.ActiveCfg = Debug|Any CPU
		{5C689C32-D422-40D0-941C-FCD2C33D5446}.Debug|Any CPU.Build.0 = Debug|Any CPU
		{5C689C32-D422-40D0-941C-FCD2C33D5446}.Release|Any CPU.ActiveCfg = Release|Any CPU
		{5C689C32-D422-40D0-941C-FCD2C33D5446}.Release|Any CPU.Build.0 = Release|Any CPU
		{0248ACB5-3530-4AAD-B147-75A476F0AD20}.Debug|Any CPU.ActiveCfg = Debug|Any CPU
		{0248ACB5-3530-4AAD-B147-75A476F0AD20}.Debug|Any CPU.Build.0 = Debug|Any CPU
		{0248ACB5-3530-4AAD-B147-75A476F0AD20}.Release|Any CPU.ActiveCfg = Release|Any CPU
		{0248ACB5-3530-4AAD-B147-75A476F0AD20}.Release|Any CPU.Build.0 = Release|Any CPU
		{1BF71C30-571C-4DB9-A0D7-02CB7B2332AB}.Debug|Any CPU.ActiveCfg = Debug|Any CPU
		{1BF71C30-571C-4DB9-A0D7-02CB7B2332AB}.Debug|Any CPU.Build.0 = Debug|Any CPU
		{1BF71C30-571C-4DB9-A0D7-02CB7B2332AB}.Release|Any CPU.ActiveCfg = Release|Any CPU
		{1BF71C30-571C-4DB9-A0D7-02CB7B2332AB}.Release|Any CPU.Build.0 = Release|Any CPU
	EndGlobalSection
	GlobalSection(SolutionProperties) = preSolution
		HideSolutionNode = FALSE
	EndGlobalSection
	GlobalSection(ExtensibilityGlobals) = postSolution
		SolutionGuid = {B1C72C12-0B39-4EBD-A026-BCDD82693CA7}
	EndGlobalSection
EndGlobal
