
Microsoft Visual Studio Solution File, Format Version 12.00
# Visual Studio Version 16
VisualStudioVersion = 16.0.32106.194
MinimumVisualStudioVersion = 10.0.40219.1
Project("{FAE04EC0-301F-11D3-BF4B-00C04F79EFBC}") = "MainMenu-Prototype", "..\MainMenu-Prototype\MainMenu-Prototype.csproj", "{0248ACB5-3530-4AAD-B147-75A476F0AD20}"
EndProject
Global
	GlobalSection(SolutionConfigurationPlatforms) = preSolution
		Debug|Any CPU = Debug|Any CPU
		Release|Any CPU = Release|Any CPU
	EndGlobalSection
	GlobalSection(ProjectConfigurationPlatforms) = postSolution
		{0248ACB5-3530-4AAD-B147-75A476F0AD20}.Debug|Any CPU.ActiveCfg = Debug|Any CPU
		{0248ACB5-3530-4AAD-B147-75A476F0AD20}.Debug|Any CPU.Build.0 = Debug|Any CPU
		{0248ACB5-3530-4AAD-B147-75A476F0AD20}.Release|Any CPU.ActiveCfg = Release|Any CPU
		{0248ACB5-3530-4AAD-B147-75A476F0AD20}.Release|Any CPU.Build.0 = Release|Any CPU
	EndGlobalSection
	GlobalSection(SolutionProperties) = preSolution
		HideSolutionNode = FALSE
	EndGlobalSection
	GlobalSection(ExtensibilityGlobals) = postSolution
		SolutionGuid = {23AF634D-2A32-4C4A-949D-025501AD1831}
	EndGlobalSection
EndGlobal
